
Microsoft Visual Studio Solution File, Format Version 12.00
# Visual Studio 15
VisualStudioVersion = 15.0.26730.16
MinimumVisualStudioVersion = 10.0.40219.1
Project("{FAE04EC0-301F-11D3-BF4B-00C04F79EFBC}") = "FirstProgram", "FirstProgram\FirstProgram.csproj", "{88754F4A-0DD5-4AA8-9AA2-061C1FE69FBA}"
EndProject
Global
	GlobalSection(SolutionConfigurationPlatforms) = preSolution
		Debug|Any CPU = Debug|Any CPU
		Release|Any CPU = Release|Any CPU
	EndGlobalSection
	GlobalSection(ProjectConfigurationPlatforms) = postSolution
		{88754F4A-0DD5-4AA8-9AA2-061C1FE69FBA}.Debug|Any CPU.ActiveCfg = Debug|Any CPU
		{88754F4A-0DD5-4AA8-9AA2-061C1FE69FBA}.Debug|Any CPU.Build.0 = Debug|Any CPU
		{88754F4A-0DD5-4AA8-9AA2-061C1FE69FBA}.Release|Any CPU.ActiveCfg = Release|Any CPU
		{88754F4A-0DD5-4AA8-9AA2-061C1FE69FBA}.Release|Any CPU.Build.0 = Release|Any CPU
	EndGlobalSection
	GlobalSection(SolutionProperties) = preSolution
		HideSolutionNode = FALSE
	EndGlobalSection
	GlobalSection(ExtensibilityGlobals) = postSolution
		SolutionGuid = {4C4E0720-B86D-4FC0-BDC4-0C3BA02518AD}
	EndGlobalSection
EndGlobal
